{
  "object": {
    "pins": [
      {
        "package": "swift-crypto",
        "repositoryURL": "https://github.com/apple/swift-crypto.git",
        "state": {
          "branch": null,
          "revision": "9c53b7a758bb849a7df1bd2314395f5f0c14306f",
          "version": "2.0.3"
        }
      }
    ]
  },
  "version": 1
}
